
Microsoft Visual Studio Solution File, Format Version 12.00
# Visual Studio 2012
Project("{F184B08F-C81C-45F6-A57F-5ABD9991F28F}") = "FollowStub", "ConsoleApplication1\FollowStub.vbproj", "{2BB1C0F6-24DE-459F-91CA-5138810E1489}"
EndProject
Global
	GlobalSection(SolutionConfigurationPlatforms) = preSolution
		Debug|Any CPU = Debug|Any CPU
		Release|Any CPU = Release|Any CPU
	EndGlobalSection
	GlobalSection(ProjectConfigurationPlatforms) = postSolution
		{2BB1C0F6-24DE-459F-91CA-5138810E1489}.Debug|Any CPU.ActiveCfg = Debug|Any CPU
		{2BB1C0F6-24DE-459F-91CA-5138810E1489}.Debug|Any CPU.Build.0 = Debug|Any CPU
		{2BB1C0F6-24DE-459F-91CA-5138810E1489}.Release|Any CPU.ActiveCfg = Release|Any CPU
		{2BB1C0F6-24DE-459F-91CA-5138810E1489}.Release|Any CPU.Build.0 = Release|Any CPU
	EndGlobalSection
	GlobalSection(SolutionProperties) = preSolution
		HideSolutionNode = FALSE
	EndGlobalSection
EndGlobal
